
Microsoft Visual Studio Solution File, Format Version 12.00
# Visual Studio Version 16
VisualStudioVersion = 16.0.29911.84
MinimumVisualStudioVersion = 10.0.40219.1
Project("{9A19103F-16F7-4668-BE54-9A1E7A4F7556}") = "01.webapi-azuresql", "01.webapi-azuresql\01.webapi-azuresql.csproj", "{6E0A7730-86E1-4FA7-B538-99FD971F606F}"
EndProject
Project("{9A19103F-16F7-4668-BE54-9A1E7A4F7556}") = "02.webapp-consume-webapi", "02.webapp-consume-webapi\02.webapp-consume-webapi.csproj", "{B7B563C1-9F34-4209-ACF4-231E7E0FFED1}"
EndProject
Project("{9A19103F-16F7-4668-BE54-9A1E7A4F7556}") = "03.webapp-appinsights", "03.webapp-appinsights\03.webapp-appinsights.csproj", "{6D0AFC20-C803-4529-8710-EF9D06CB872E}"
EndProject
Project("{9A19103F-16F7-4668-BE54-9A1E7A4F7556}") = "04.console-appinsights-telemetryclient", "04.console-appinsights-telemetryclient\04.console-appinsights-telemetryclient.csproj", "{E76ADD7F-E495-450E-AD5D-202E1019C1C3}"
EndProject
Project("{9A19103F-16F7-4668-BE54-9A1E7A4F7556}") = "05.read-appsettings-webapi", "05.read-appsettings-webapi\05.read-appsettings-webapi.csproj", "{79B0F71D-C51B-49B1-8FF4-07FAE7E06F24}"
EndProject
Project("{FAE04EC0-301F-11D3-BF4B-00C04F79EFBC}") = "06.webjobs", "06.webjobs\06.webjobs.csproj", "{F99A3C1B-1BCD-4335-871F-6D285C53B400}"
EndProject
Project("{9A19103F-16F7-4668-BE54-9A1E7A4F7556}") = "07.webapi-swagger", "07.webapi-swagger\07.webapi-swagger.csproj", "{2D3C7D08-CFE7-42AF-B548-B560091E4C47}"
EndProject
Project("{9A19103F-16F7-4668-BE54-9A1E7A4F7556}") = "08.webapi-redis", "08.webapi-redis\08.webapi-redis.csproj", "{5923D9C1-E7D7-4C6F-B1FE-C3E0232C741D}"
EndProject
Project("{FAE04EC0-301F-11D3-BF4B-00C04F79EFBC}") = "09.webapi-cosmos-sqlapi", "09.webapi-cosmos-sqlapi\09.webapi-cosmos-sqlapi.csproj", "{7612B3AB-1842-48A8-A08B-6EC35572FB55}"
EndProject
Global
	GlobalSection(SolutionConfigurationPlatforms) = preSolution
		Debug|Any CPU = Debug|Any CPU
		Release|Any CPU = Release|Any CPU
	EndGlobalSection
	GlobalSection(ProjectConfigurationPlatforms) = postSolution
		{6E0A7730-86E1-4FA7-B538-99FD971F606F}.Debug|Any CPU.ActiveCfg = Debug|Any CPU
		{6E0A7730-86E1-4FA7-B538-99FD971F606F}.Debug|Any CPU.Build.0 = Debug|Any CPU
		{6E0A7730-86E1-4FA7-B538-99FD971F606F}.Release|Any CPU.ActiveCfg = Release|Any CPU
		{6E0A7730-86E1-4FA7-B538-99FD971F606F}.Release|Any CPU.Build.0 = Release|Any CPU
		{B7B563C1-9F34-4209-ACF4-231E7E0FFED1}.Debug|Any CPU.ActiveCfg = Debug|Any CPU
		{B7B563C1-9F34-4209-ACF4-231E7E0FFED1}.Debug|Any CPU.Build.0 = Debug|Any CPU
		{B7B563C1-9F34-4209-ACF4-231E7E0FFED1}.Release|Any CPU.ActiveCfg = Release|Any CPU
		{B7B563C1-9F34-4209-ACF4-231E7E0FFED1}.Release|Any CPU.Build.0 = Release|Any CPU
		{6D0AFC20-C803-4529-8710-EF9D06CB872E}.Debug|Any CPU.ActiveCfg = Debug|Any CPU
		{6D0AFC20-C803-4529-8710-EF9D06CB872E}.Debug|Any CPU.Build.0 = Debug|Any CPU
		{6D0AFC20-C803-4529-8710-EF9D06CB872E}.Release|Any CPU.ActiveCfg = Release|Any CPU
		{6D0AFC20-C803-4529-8710-EF9D06CB872E}.Release|Any CPU.Build.0 = Release|Any CPU
		{E76ADD7F-E495-450E-AD5D-202E1019C1C3}.Debug|Any CPU.ActiveCfg = Debug|Any CPU
		{E76ADD7F-E495-450E-AD5D-202E1019C1C3}.Debug|Any CPU.Build.0 = Debug|Any CPU
		{E76ADD7F-E495-450E-AD5D-202E1019C1C3}.Release|Any CPU.ActiveCfg = Release|Any CPU
		{E76ADD7F-E495-450E-AD5D-202E1019C1C3}.Release|Any CPU.Build.0 = Release|Any CPU
		{79B0F71D-C51B-49B1-8FF4-07FAE7E06F24}.Debug|Any CPU.ActiveCfg = Debug|Any CPU
		{79B0F71D-C51B-49B1-8FF4-07FAE7E06F24}.Debug|Any CPU.Build.0 = Debug|Any CPU
		{79B0F71D-C51B-49B1-8FF4-07FAE7E06F24}.Release|Any CPU.ActiveCfg = Release|Any CPU
		{79B0F71D-C51B-49B1-8FF4-07FAE7E06F24}.Release|Any CPU.Build.0 = Release|Any CPU
		{F99A3C1B-1BCD-4335-871F-6D285C53B400}.Debug|Any CPU.ActiveCfg = Debug|Any CPU
		{F99A3C1B-1BCD-4335-871F-6D285C53B400}.Debug|Any CPU.Build.0 = Debug|Any CPU
		{F99A3C1B-1BCD-4335-871F-6D285C53B400}.Release|Any CPU.ActiveCfg = Release|Any CPU
		{F99A3C1B-1BCD-4335-871F-6D285C53B400}.Release|Any CPU.Build.0 = Release|Any CPU
		{2D3C7D08-CFE7-42AF-B548-B560091E4C47}.Debug|Any CPU.ActiveCfg = Debug|Any CPU
		{2D3C7D08-CFE7-42AF-B548-B560091E4C47}.Debug|Any CPU.Build.0 = Debug|Any CPU
		{2D3C7D08-CFE7-42AF-B548-B560091E4C47}.Release|Any CPU.ActiveCfg = Release|Any CPU
		{2D3C7D08-CFE7-42AF-B548-B560091E4C47}.Release|Any CPU.Build.0 = Release|Any CPU
		{5923D9C1-E7D7-4C6F-B1FE-C3E0232C741D}.Debug|Any CPU.ActiveCfg = Debug|Any CPU
		{5923D9C1-E7D7-4C6F-B1FE-C3E0232C741D}.Debug|Any CPU.Build.0 = Debug|Any CPU
		{5923D9C1-E7D7-4C6F-B1FE-C3E0232C741D}.Release|Any CPU.ActiveCfg = Release|Any CPU
		{5923D9C1-E7D7-4C6F-B1FE-C3E0232C741D}.Release|Any CPU.Build.0 = Release|Any CPU
		{7612B3AB-1842-48A8-A08B-6EC35572FB55}.Debug|Any CPU.ActiveCfg = Debug|Any CPU
		{7612B3AB-1842-48A8-A08B-6EC35572FB55}.Debug|Any CPU.Build.0 = Debug|Any CPU
		{7612B3AB-1842-48A8-A08B-6EC35572FB55}.Release|Any CPU.ActiveCfg = Release|Any CPU
		{7612B3AB-1842-48A8-A08B-6EC35572FB55}.Release|Any CPU.Build.0 = Release|Any CPU
	EndGlobalSection
	GlobalSection(SolutionProperties) = preSolution
		HideSolutionNode = FALSE
	EndGlobalSection
	GlobalSection(ExtensibilityGlobals) = postSolution
		SolutionGuid = {4DF453C1-0F81-4149-8EFD-14311B02485B}
	EndGlobalSection
EndGlobal
